
Microsoft Visual Studio Solution File, Format Version 12.00
# Visual Studio Version 16
VisualStudioVersion = 16.0.31702.278
MinimumVisualStudioVersion = 10.0.40219.1
Project("{FAE04EC0-301F-11D3-BF4B-00C04F79EFBC}") = "ParkyAPI", "ParkyAPI\ParkyAPI.csproj", "{2B05873E-B826-4EFC-BD09-DCF46EC323FE}"
EndProject
Global
	GlobalSection(SolutionConfigurationPlatforms) = preSolution
		Debug|Any CPU = Debug|Any CPU
		Release|Any CPU = Release|Any CPU
	EndGlobalSection
	GlobalSection(ProjectConfigurationPlatforms) = postSolution
		{2B05873E-B826-4EFC-BD09-DCF46EC323FE}.Debug|Any CPU.ActiveCfg = Debug|Any CPU
		{2B05873E-B826-4EFC-BD09-DCF46EC323FE}.Debug|Any CPU.Build.0 = Debug|Any CPU
		{2B05873E-B826-4EFC-BD09-DCF46EC323FE}.Release|Any CPU.ActiveCfg = Release|Any CPU
		{2B05873E-B826-4EFC-BD09-DCF46EC323FE}.Release|Any CPU.Build.0 = Release|Any CPU
	EndGlobalSection
	GlobalSection(SolutionProperties) = preSolution
		HideSolutionNode = FALSE
	EndGlobalSection
	GlobalSection(ExtensibilityGlobals) = postSolution
		SolutionGuid = {F3598099-8B82-429F-82AE-7348685CD386}
	EndGlobalSection
EndGlobal
